
Microsoft Visual Studio Solution File, Format Version 12.00
# Visual Studio Version 17
VisualStudioVersion = 17.0.32014.148
MinimumVisualStudioVersion = 10.0.40219.1
Project("{FAE04EC0-301F-11D3-BF4B-00C04F79EFBC}") = "Assignment", "Assignment\Assignment.csproj", "{D38C8078-AD9D-4FD9-A665-B73852856F25}"
EndProject
Global
	GlobalSection(SolutionConfigurationPlatforms) = preSolution
		Debug|Any CPU = Debug|Any CPU
		Release|Any CPU = Release|Any CPU
	EndGlobalSection
	GlobalSection(ProjectConfigurationPlatforms) = postSolution
		{D38C8078-AD9D-4FD9-A665-B73852856F25}.Debug|Any CPU.ActiveCfg = Debug|Any CPU
		{D38C8078-AD9D-4FD9-A665-B73852856F25}.Debug|Any CPU.Build.0 = Debug|Any CPU
		{D38C8078-AD9D-4FD9-A665-B73852856F25}.Release|Any CPU.ActiveCfg = Release|Any CPU
		{D38C8078-AD9D-4FD9-A665-B73852856F25}.Release|Any CPU.Build.0 = Release|Any CPU
	EndGlobalSection
	GlobalSection(SolutionProperties) = preSolution
		HideSolutionNode = FALSE
	EndGlobalSection
	GlobalSection(ExtensibilityGlobals) = postSolution
		SolutionGuid = {C8DB9259-7422-4AE0-B488-6AEB72D42C1D}
	EndGlobalSection
EndGlobal
